
Microsoft Visual Studio Solution File, Format Version 12.00
# Visual Studio Version 16
VisualStudioVersion = 16.0.31402.337
MinimumVisualStudioVersion = 10.0.40219.1
Project("{FAE04EC0-301F-11D3-BF4B-00C04F79EFBC}") = "backend-text-similarities", "backend-text-similarities\backend-text-similarities.csproj", "{5B6A9AB4-2EF7-40AD-B7B4-72C7053D1638}"
EndProject
Global
	GlobalSection(SolutionConfigurationPlatforms) = preSolution
		Debug|Any CPU = Debug|Any CPU
		Release|Any CPU = Release|Any CPU
	EndGlobalSection
	GlobalSection(ProjectConfigurationPlatforms) = postSolution
		{5B6A9AB4-2EF7-40AD-B7B4-72C7053D1638}.Debug|Any CPU.ActiveCfg = Debug|Any CPU
		{5B6A9AB4-2EF7-40AD-B7B4-72C7053D1638}.Debug|Any CPU.Build.0 = Debug|Any CPU
		{5B6A9AB4-2EF7-40AD-B7B4-72C7053D1638}.Release|Any CPU.ActiveCfg = Release|Any CPU
		{5B6A9AB4-2EF7-40AD-B7B4-72C7053D1638}.Release|Any CPU.Build.0 = Release|Any CPU
	EndGlobalSection
	GlobalSection(SolutionProperties) = preSolution
		HideSolutionNode = FALSE
	EndGlobalSection
	GlobalSection(ExtensibilityGlobals) = postSolution
		SolutionGuid = {DF3C8F31-0D1D-454E-B7DE-9CB11CFBBDE3}
	EndGlobalSection
EndGlobal
